// !$*UTF8*$!
{
	archiveVersion = 1;
	classes = {
	};
	objectVersion = 51;
	objects = {

/* Begin PBXBuildFile section */
		1832958B26C9650800C1D1BD /* TextNode.swift in Sources */ = {isa = PBXBuildFile; fileRef = 1832958A26C9650800C1D1BD /* TextNode.swift */; };
		1832958E26C9662500C1D1BD /* TextNodeRenderer.swift in Sources */ = {isa = PBXBuildFile; fileRef = 1832958D26C9662500C1D1BD /* TextNodeRenderer.swift */; };
		1886C67F26C4194F00EE5D15 /* ViewModelBuilder.swift in Sources */ = {isa = PBXBuildFile; fileRef = 1886C67E26C4194F00EE5D15 /* ViewModelBuilder.swift */; };
		18D8D0A426C5768E00DED3FF /* LayoutNode.swift in Sources */ = {isa = PBXBuildFile; fileRef = 18D8D0A326C5768E00DED3FF /* LayoutNode.swift */; };
		18D8D0A626C57DA200DED3FF /* ContainerNode.swift in Sources */ = {isa = PBXBuildFile; fileRef = 18D8D0A526C57DA200DED3FF /* ContainerNode.swift */; };
		18D8D0A826C5848900DED3FF /* ViewNode.swift in Sources */ = {isa = PBXBuildFile; fileRef = 18D8D0A726C5848900DED3FF /* ViewNode.swift */; };
		18D8D0AC26C5958500DED3FF /* Binder.swift in Sources */ = {isa = PBXBuildFile; fileRef = 18D8D0AB26C5958500DED3FF /* Binder.swift */; };
		18D8D0AE26C5988900DED3FF /* V2SampleController.swift in Sources */ = {isa = PBXBuildFile; fileRef = 18D8D0AD26C5988900DED3FF /* V2SampleController.swift */; };
		18E50D262695F728001DA032 /* ScrollViewModel.swift in Sources */ = {isa = PBXBuildFile; fileRef = 18E50D252695F727001DA032 /* ScrollViewModel.swift */; };
		18E50D2B2697021D001DA032 /* HListCellViewModel.swift in Sources */ = {isa = PBXBuildFile; fileRef = 18E50D2A2697021D001DA032 /* HListCellViewModel.swift */; };
		6AECD6109681EC5D602B0A36 /* Pods_ViewModel.framework in Frameworks */ = {isa = PBXBuildFile; fileRef = 5B1D1AA9607DA1C851E4F8A0 /* Pods_ViewModel.framework */; };
		E531BB25245071F9005762C9 /* ViewConfiguration.swift in Sources */ = {isa = PBXBuildFile; fileRef = E531BB24245071F9005762C9 /* ViewConfiguration.swift */; };
		E531BB262450743C005762C9 /* ButtonViewModel.swift in Sources */ = {isa = PBXBuildFile; fileRef = E531BB2224506AEF005762C9 /* ButtonViewModel.swift */; };
		E531BB2A24509652005762C9 /* HighlightableButton.swift in Sources */ = {isa = PBXBuildFile; fileRef = E531BB2924509652005762C9 /* HighlightableButton.swift */; };
		E53E3367243F796D00CE8431 /* GridCollectionViewLayout.swift in Sources */ = {isa = PBXBuildFile; fileRef = E53E3366243F796D00CE8431 /* GridCollectionViewLayout.swift */; };
		E5487F7423F84AE40020D3ED /* TableViewModel.swift in Sources */ = {isa = PBXBuildFile; fileRef = E5487F7323F84AE40020D3ED /* TableViewModel.swift */; };
		E5487F7823F84B2A0020D3ED /* CellViewModel.swift in Sources */ = {isa = PBXBuildFile; fileRef = E5487F7723F84B2A0020D3ED /* CellViewModel.swift */; };
		E5487F7A23F84B3D0020D3ED /* CellView.swift in Sources */ = {isa = PBXBuildFile; fileRef = E5487F7923F84B3D0020D3ED /* CellView.swift */; };
		E554AF1623FE903C0009CF77 /* TextView.swift in Sources */ = {isa = PBXBuildFile; fileRef = E554AF1523FE903C0009CF77 /* TextView.swift */; };
		E554AF1823FE90650009CF77 /* TextRenderer.swift in Sources */ = {isa = PBXBuildFile; fileRef = E554AF1723FE90650009CF77 /* TextRenderer.swift */; };
		E554AF1A23FE90700009CF77 /* TextViewModel.swift in Sources */ = {isa = PBXBuildFile; fileRef = E554AF1923FE90700009CF77 /* TextViewModel.swift */; };
		E55BEB0A242A1FF300E5BD97 /* Model.swift in Sources */ = {isa = PBXBuildFile; fileRef = E55BEB09242A1FF300E5BD97 /* Model.swift */; };
		E55BEB0C242A200700E5BD97 /* Presenter.swift in Sources */ = {isa = PBXBuildFile; fileRef = E55BEB0B242A200700E5BD97 /* Presenter.swift */; };
		E55BEB0E242A205200E5BD97 /* ViewController.swift in Sources */ = {isa = PBXBuildFile; fileRef = E55BEB0D242A205200E5BD97 /* ViewController.swift */; };
		E58ABE7F23F83E7A0047056A /* AppDelegate.swift in Sources */ = {isa = PBXBuildFile; fileRef = E58ABE7E23F83E7A0047056A /* AppDelegate.swift */; };
		E58ABE8123F83E7A0047056A /* SceneDelegate.swift in Sources */ = {isa = PBXBuildFile; fileRef = E58ABE8023F83E7A0047056A /* SceneDelegate.swift */; };
		E58ABE8823F83E7C0047056A /* Assets.xcassets in Resources */ = {isa = PBXBuildFile; fileRef = E58ABE8723F83E7C0047056A /* Assets.xcassets */; };
		E58ABE8B23F83E7C0047056A /* LaunchScreen.storyboard in Resources */ = {isa = PBXBuildFile; fileRef = E58ABE8923F83E7C0047056A /* LaunchScreen.storyboard */; };
		E58ABE9523F840310047056A /* EmptyViewModel.swift in Sources */ = {isa = PBXBuildFile; fileRef = E58ABE9423F840310047056A /* EmptyViewModel.swift */; };
		E58ABE9723F840510047056A /* ViewModel.swift in Sources */ = {isa = PBXBuildFile; fileRef = E58ABE9623F840510047056A /* ViewModel.swift */; };
		E58ABE9B23F840900047056A /* ViewStorage.swift in Sources */ = {isa = PBXBuildFile; fileRef = E58ABE9A23F840900047056A /* ViewStorage.swift */; };
		E5B30E8B244F0DFE0094E3EC /* HorizontalCellViewModel.swift in Sources */ = {isa = PBXBuildFile; fileRef = E5B30E8A244F0DFE0094E3EC /* HorizontalCellViewModel.swift */; };
		E5B30E8E244F2ADD0094E3EC /* ListModel.swift in Sources */ = {isa = PBXBuildFile; fileRef = E5B30E8D244F2ADD0094E3EC /* ListModel.swift */; };
		E5B30E90244F2AEF0094E3EC /* ListCollectionPresenter.swift in Sources */ = {isa = PBXBuildFile; fileRef = E5B30E8F244F2AEF0094E3EC /* ListCollectionPresenter.swift */; };
		E5B30E92244F2EB30094E3EC /* FriendHorizontalCellViewModel.swift in Sources */ = {isa = PBXBuildFile; fileRef = E5B30E91244F2EB30094E3EC /* FriendHorizontalCellViewModel.swift */; };
		E5B30E95244F3AD20094E3EC /* HeaderCellViewModel.swift in Sources */ = {isa = PBXBuildFile; fileRef = E5B30E94244F3AD20094E3EC /* HeaderCellViewModel.swift */; };
		E5B30E97244F4EF50094E3EC /* FooterCellViewModel.swift in Sources */ = {isa = PBXBuildFile; fileRef = E5B30E96244F4EF50094E3EC /* FooterCellViewModel.swift */; };
		E5B30E9A244F516B0094E3EC /* BannerHorizontalCellViewModel.swift in Sources */ = {isa = PBXBuildFile; fileRef = E5B30E99244F516B0094E3EC /* BannerHorizontalCellViewModel.swift */; };
		E5B30E9C244F57D70094E3EC /* MenuItemCellFutureView.swift in Sources */ = {isa = PBXBuildFile; fileRef = E5B30E9B244F57D70094E3EC /* MenuItemCellFutureView.swift */; };
		E5BBD6E0244B51D4004353E7 /* CollectionViewModel.swift in Sources */ = {isa = PBXBuildFile; fileRef = E5BBD6DF244B51D4004353E7 /* CollectionViewModel.swift */; };
		E5BE45832451B657007429BD /* Router.swift in Sources */ = {isa = PBXBuildFile; fileRef = E5BE45822451B657007429BD /* Router.swift */; };
		E5BE45862451CF62007429BD /* FriendViewController.swift in Sources */ = {isa = PBXBuildFile; fileRef = E5BE45852451CF62007429BD /* FriendViewController.swift */; };
		E5BE45882451CFDA007429BD /* SimpleScreens.swift in Sources */ = {isa = PBXBuildFile; fileRef = E5BE45872451CFDA007429BD /* SimpleScreens.swift */; };
		E5BE458A2451D0A0007429BD /* FriendPresenter.swift in Sources */ = {isa = PBXBuildFile; fileRef = E5BE45892451D0A0007429BD /* FriendPresenter.swift */; };
		E5DD54A2244DDBFD003F19A7 /* CollectionSection.swift in Sources */ = {isa = PBXBuildFile; fileRef = E5DD54A1244DDBFD003F19A7 /* CollectionSection.swift */; };
		E5DD54A5244DDFF8003F19A7 /* GridLayoutPattern.swift in Sources */ = {isa = PBXBuildFile; fileRef = E5DD54A4244DDFF8003F19A7 /* GridLayoutPattern.swift */; };
		E5F1FE4C243C850900EC24BA /* SimpleViewController.swift in Sources */ = {isa = PBXBuildFile; fileRef = E5F1FE4B243C850900EC24BA /* SimpleViewController.swift */; };
		E5F1FE4E243C852500EC24BA /* SimplePresenter.swift in Sources */ = {isa = PBXBuildFile; fileRef = E5F1FE4D243C852500EC24BA /* SimplePresenter.swift */; };
		E5F7FB07243F59C6001BB766 /* CollectionViewController.swift in Sources */ = {isa = PBXBuildFile; fileRef = E5F7FB06243F59C6001BB766 /* CollectionViewController.swift */; };
		E5F7FB09243F59E0001BB766 /* CollectionPresenter.swift in Sources */ = {isa = PBXBuildFile; fileRef = E5F7FB08243F59E0001BB766 /* CollectionPresenter.swift */; };
/* End PBXBuildFile section */

/* Begin PBXFileReference section */
		09C77CBEA998F95E9C6D477F /* Pods-ViewModel.debug.xcconfig */ = {isa = PBXFileReference; includeInIndex = 1; lastKnownFileType = text.xcconfig; name = "Pods-ViewModel.debug.xcconfig"; path = "Pods/Target Support Files/Pods-ViewModel/Pods-ViewModel.debug.xcconfig"; sourceTree = "<group>"; };
		1832958A26C9650800C1D1BD /* TextNode.swift */ = {isa = PBXFileReference; lastKnownFileType = sourcecode.swift; path = TextNode.swift; sourceTree = "<group>"; };
		1832958D26C9662500C1D1BD /* TextNodeRenderer.swift */ = {isa = PBXFileReference; lastKnownFileType = sourcecode.swift; path = TextNodeRenderer.swift; sourceTree = "<group>"; };
		1886C67E26C4194F00EE5D15 /* ViewModelBuilder.swift */ = {isa = PBXFileReference; lastKnownFileType = sourcecode.swift; path = ViewModelBuilder.swift; sourceTree = "<group>"; };
		18D8D0A326C5768E00DED3FF /* LayoutNode.swift */ = {isa = PBXFileReference; lastKnownFileType = sourcecode.swift; path = LayoutNode.swift; sourceTree = "<group>"; };
		18D8D0A526C57DA200DED3FF /* ContainerNode.swift */ = {isa = PBXFileReference; lastKnownFileType = sourcecode.swift; path = ContainerNode.swift; sourceTree = "<group>"; };
		18D8D0A726C5848900DED3FF /* ViewNode.swift */ = {isa = PBXFileReference; lastKnownFileType = sourcecode.swift; path = ViewNode.swift; sourceTree = "<group>"; };
		18D8D0AB26C5958500DED3FF /* Binder.swift */ = {isa = PBXFileReference; lastKnownFileType = sourcecode.swift; path = Binder.swift; sourceTree = "<group>"; };
		18D8D0AD26C5988900DED3FF /* V2SampleController.swift */ = {isa = PBXFileReference; lastKnownFileType = sourcecode.swift; path = V2SampleController.swift; sourceTree = "<group>"; };
		18E50D252695F727001DA032 /* ScrollViewModel.swift */ = {isa = PBXFileReference; lastKnownFileType = sourcecode.swift; path = ScrollViewModel.swift; sourceTree = "<group>"; };
		18E50D2A2697021D001DA032 /* HListCellViewModel.swift */ = {isa = PBXFileReference; lastKnownFileType = sourcecode.swift; path = HListCellViewModel.swift; sourceTree = "<group>"; };
		2D164D57D63B6FB0515962A1 /* Pods-ViewModel.release.xcconfig */ = {isa = PBXFileReference; includeInIndex = 1; lastKnownFileType = text.xcconfig; name = "Pods-ViewModel.release.xcconfig"; path = "Pods/Target Support Files/Pods-ViewModel/Pods-ViewModel.release.xcconfig"; sourceTree = "<group>"; };
		5B1D1AA9607DA1C851E4F8A0 /* Pods_ViewModel.framework */ = {isa = PBXFileReference; explicitFileType = wrapper.framework; includeInIndex = 0; path = Pods_ViewModel.framework; sourceTree = BUILT_PRODUCTS_DIR; };
		98DED41577151F26CB2246E6 /* Pods-FutureView.debug.xcconfig */ = {isa = PBXFileReference; includeInIndex = 1; lastKnownFileType = text.xcconfig; name = "Pods-FutureView.debug.xcconfig"; path = "Pods/Target Support Files/Pods-FutureView/Pods-FutureView.debug.xcconfig"; sourceTree = "<group>"; };
		A4E0C196A7CF059769FBB1BD /* Pods-FutureView.release.xcconfig */ = {isa = PBXFileReference; includeInIndex = 1; lastKnownFileType = text.xcconfig; name = "Pods-FutureView.release.xcconfig"; path = "Pods/Target Support Files/Pods-FutureView/Pods-FutureView.release.xcconfig"; sourceTree = "<group>"; };
		C44AF4C21A98F6A19046DBDD /* Pods_FutureView.framework */ = {isa = PBXFileReference; explicitFileType = wrapper.framework; includeInIndex = 0; path = Pods_FutureView.framework; sourceTree = BUILT_PRODUCTS_DIR; };
		E531BB2224506AEF005762C9 /* ButtonViewModel.swift */ = {isa = PBXFileReference; lastKnownFileType = sourcecode.swift; path = ButtonViewModel.swift; sourceTree = "<group>"; };
		E531BB24245071F9005762C9 /* ViewConfiguration.swift */ = {isa = PBXFileReference; lastKnownFileType = sourcecode.swift; path = ViewConfiguration.swift; sourceTree = "<group>"; };
		E531BB2924509652005762C9 /* HighlightableButton.swift */ = {isa = PBXFileReference; lastKnownFileType = sourcecode.swift; path = HighlightableButton.swift; sourceTree = "<group>"; };
		E53E3366243F796D00CE8431 /* GridCollectionViewLayout.swift */ = {isa = PBXFileReference; lastKnownFileType = sourcecode.swift; path = GridCollectionViewLayout.swift; sourceTree = "<group>"; };
		E5487F7323F84AE40020D3ED /* TableViewModel.swift */ = {isa = PBXFileReference; lastKnownFileType = sourcecode.swift; path = TableViewModel.swift; sourceTree = "<group>"; };
		E5487F7723F84B2A0020D3ED /* CellViewModel.swift */ = {isa = PBXFileReference; lastKnownFileType = sourcecode.swift; path = CellViewModel.swift; sourceTree = "<group>"; };
		E5487F7923F84B3D0020D3ED /* CellView.swift */ = {isa = PBXFileReference; lastKnownFileType = sourcecode.swift; path = CellView.swift; sourceTree = "<group>"; };
		E554AF1523FE903C0009CF77 /* TextView.swift */ = {isa = PBXFileReference; lastKnownFileType = sourcecode.swift; path = TextView.swift; sourceTree = "<group>"; };
		E554AF1723FE90650009CF77 /* TextRenderer.swift */ = {isa = PBXFileReference; lastKnownFileType = sourcecode.swift; path = TextRenderer.swift; sourceTree = "<group>"; };
		E554AF1923FE90700009CF77 /* TextViewModel.swift */ = {isa = PBXFileReference; lastKnownFileType = sourcecode.swift; path = TextViewModel.swift; sourceTree = "<group>"; };
		E55BEB09242A1FF300E5BD97 /* Model.swift */ = {isa = PBXFileReference; lastKnownFileType = sourcecode.swift; path = Model.swift; sourceTree = "<group>"; };
		E55BEB0B242A200700E5BD97 /* Presenter.swift */ = {isa = PBXFileReference; lastKnownFileType = sourcecode.swift; path = Presenter.swift; sourceTree = "<group>"; };
		E55BEB0D242A205200E5BD97 /* ViewController.swift */ = {isa = PBXFileReference; lastKnownFileType = sourcecode.swift; path = ViewController.swift; sourceTree = "<group>"; };
		E58ABE7B23F83E7A0047056A /* ViewModel.app */ = {isa = PBXFileReference; explicitFileType = wrapper.application; includeInIndex = 0; path = ViewModel.app; sourceTree = BUILT_PRODUCTS_DIR; };
		E58ABE7E23F83E7A0047056A /* AppDelegate.swift */ = {isa = PBXFileReference; lastKnownFileType = sourcecode.swift; path = AppDelegate.swift; sourceTree = "<group>"; };
		E58ABE8023F83E7A0047056A /* SceneDelegate.swift */ = {isa = PBXFileReference; lastKnownFileType = sourcecode.swift; path = SceneDelegate.swift; sourceTree = "<group>"; };
		E58ABE8723F83E7C0047056A /* Assets.xcassets */ = {isa = PBXFileReference; lastKnownFileType = folder.assetcatalog; path = Assets.xcassets; sourceTree = "<group>"; };
		E58ABE8A23F83E7C0047056A /* Base */ = {isa = PBXFileReference; lastKnownFileType = file.storyboard; name = Base; path = Base.lproj/LaunchScreen.storyboard; sourceTree = "<group>"; };
		E58ABE8C23F83E7C0047056A /* Info.plist */ = {isa = PBXFileReference; lastKnownFileType = text.plist.xml; path = Info.plist; sourceTree = "<group>"; };
		E58ABE9423F840310047056A /* EmptyViewModel.swift */ = {isa = PBXFileReference; lastKnownFileType = sourcecode.swift; path = EmptyViewModel.swift; sourceTree = "<group>"; };
		E58ABE9623F840510047056A /* ViewModel.swift */ = {isa = PBXFileReference; lastKnownFileType = sourcecode.swift; path = ViewModel.swift; sourceTree = "<group>"; };
		E58ABE9A23F840900047056A /* ViewStorage.swift */ = {isa = PBXFileReference; lastKnownFileType = sourcecode.swift; path = ViewStorage.swift; sourceTree = "<group>"; };
		E5B30E8A244F0DFE0094E3EC /* HorizontalCellViewModel.swift */ = {isa = PBXFileReference; lastKnownFileType = sourcecode.swift; path = HorizontalCellViewModel.swift; sourceTree = "<group>"; };
		E5B30E8D244F2ADD0094E3EC /* ListModel.swift */ = {isa = PBXFileReference; lastKnownFileType = sourcecode.swift; path = ListModel.swift; sourceTree = "<group>"; };
		E5B30E8F244F2AEF0094E3EC /* ListCollectionPresenter.swift */ = {isa = PBXFileReference; lastKnownFileType = sourcecode.swift; path = ListCollectionPresenter.swift; sourceTree = "<group>"; };
		E5B30E91244F2EB30094E3EC /* FriendHorizontalCellViewModel.swift */ = {isa = PBXFileReference; lastKnownFileType = sourcecode.swift; path = FriendHorizontalCellViewModel.swift; sourceTree = "<group>"; };
		E5B30E94244F3AD20094E3EC /* HeaderCellViewModel.swift */ = {isa = PBXFileReference; lastKnownFileType = sourcecode.swift; path = HeaderCellViewModel.swift; sourceTree = "<group>"; };
		E5B30E96244F4EF50094E3EC /* FooterCellViewModel.swift */ = {isa = PBXFileReference; lastKnownFileType = sourcecode.swift; path = FooterCellViewModel.swift; sourceTree = "<group>"; };
		E5B30E99244F516B0094E3EC /* BannerHorizontalCellViewModel.swift */ = {isa = PBXFileReference; lastKnownFileType = sourcecode.swift; path = BannerHorizontalCellViewModel.swift; sourceTree = "<group>"; };
		E5B30E9B244F57D70094E3EC /* MenuItemCellFutureView.swift */ = {isa = PBXFileReference; lastKnownFileType = sourcecode.swift; path = MenuItemCellFutureView.swift; sourceTree = "<group>"; };
		E5BBD6DF244B51D4004353E7 /* CollectionViewModel.swift */ = {isa = PBXFileReference; lastKnownFileType = sourcecode.swift; path = CollectionViewModel.swift; sourceTree = "<group>"; };
		E5BE45822451B657007429BD /* Router.swift */ = {isa = PBXFileReference; lastKnownFileType = sourcecode.swift; path = Router.swift; sourceTree = "<group>"; };
		E5BE45852451CF62007429BD /* FriendViewController.swift */ = {isa = PBXFileReference; lastKnownFileType = sourcecode.swift; path = FriendViewController.swift; sourceTree = "<group>"; };
		E5BE45872451CFDA007429BD /* SimpleScreens.swift */ = {isa = PBXFileReference; lastKnownFileType = sourcecode.swift; path = SimpleScreens.swift; sourceTree = "<group>"; };
		E5BE45892451D0A0007429BD /* FriendPresenter.swift */ = {isa = PBXFileReference; lastKnownFileType = sourcecode.swift; path = FriendPresenter.swift; sourceTree = "<group>"; };
		E5DD54A1244DDBFD003F19A7 /* CollectionSection.swift */ = {isa = PBXFileReference; lastKnownFileType = sourcecode.swift; path = CollectionSection.swift; sourceTree = "<group>"; };
		E5DD54A4244DDFF8003F19A7 /* GridLayoutPattern.swift */ = {isa = PBXFileReference; lastKnownFileType = sourcecode.swift; path = GridLayoutPattern.swift; sourceTree = "<group>"; };
		E5F1FE4B243C850900EC24BA /* SimpleViewController.swift */ = {isa = PBXFileReference; lastKnownFileType = sourcecode.swift; path = SimpleViewController.swift; sourceTree = "<group>"; };
		E5F1FE4D243C852500EC24BA /* SimplePresenter.swift */ = {isa = PBXFileReference; lastKnownFileType = sourcecode.swift; path = SimplePresenter.swift; sourceTree = "<group>"; };
		E5F7FB06243F59C6001BB766 /* CollectionViewController.swift */ = {isa = PBXFileReference; lastKnownFileType = sourcecode.swift; path = CollectionViewController.swift; sourceTree = "<group>"; };
		E5F7FB08243F59E0001BB766 /* CollectionPresenter.swift */ = {isa = PBXFileReference; lastKnownFileType = sourcecode.swift; path = CollectionPresenter.swift; sourceTree = "<group>"; };
/* End PBXFileReference section */

/* Begin PBXFrameworksBuildPhase section */
		E58ABE7823F83E7A0047056A /* Frameworks */ = {
			isa = PBXFrameworksBuildPhase;
			buildActionMask = 2147483647;
			files = (
				6AECD6109681EC5D602B0A36 /* Pods_ViewModel.framework in Frameworks */,
			);
			runOnlyForDeploymentPostprocessing = 0;
		};
/* End PBXFrameworksBuildPhase section */

/* Begin PBXGroup section */
		1832958C26C9661900C1D1BD /* Text */ = {
			isa = PBXGroup;
			children = (
				E554AF1523FE903C0009CF77 /* TextView.swift */,
				1832958A26C9650800C1D1BD /* TextNode.swift */,
				1832958D26C9662500C1D1BD /* TextNodeRenderer.swift */,
			);
			path = Text;
			sourceTree = "<group>";
		};
		18D8D0A226C5765F00DED3FF /* V2 */ = {
			isa = PBXGroup;
			children = (
				18D8D0A326C5768E00DED3FF /* LayoutNode.swift */,
				18D8D0A526C57DA200DED3FF /* ContainerNode.swift */,
				18D8D0A726C5848900DED3FF /* ViewNode.swift */,
				18D8D0AB26C5958500DED3FF /* Binder.swift */,
				1832958C26C9661900C1D1BD /* Text */,
			);
			path = V2;
			sourceTree = "<group>";
		};
		18E50D272695F72D001DA032 /* ScrollViewModel */ = {
			isa = PBXGroup;
			children = (
				18E50D252695F727001DA032 /* ScrollViewModel.swift */,
			);
			path = ScrollViewModel;
			sourceTree = "<group>";
		};
		2A18C56CF9FAAA14A03EECF5 /* Frameworks */ = {
			isa = PBXGroup;
			children = (
				C44AF4C21A98F6A19046DBDD /* Pods_FutureView.framework */,
				5B1D1AA9607DA1C851E4F8A0 /* Pods_ViewModel.framework */,
			);
			name = Frameworks;
			sourceTree = "<group>";
		};
		E531BB2024506AB4005762C9 /* Common View Models */ = {
			isa = PBXGroup;
			children = (
				18E50D272695F72D001DA032 /* ScrollViewModel */,
				E531BB2B24509871005762C9 /* Button View Model */,
				E554AF1423FE90210009CF77 /* Text View Model */,
			);
			path = "Common View Models";
			sourceTree = "<group>";
		};
		E531BB2124506ACC005762C9 /* Collection Models */ = {
			isa = PBXGroup;
			children = (
				E5487F7223F84ACA0020D3ED /* Table View */,
				E5BBD6DE244B51B4004353E7 /* Grid Collection View */,
			);
			path = "Collection Models";
			sourceTree = "<group>";
		};
		E531BB2824509083005762C9 /* Items */ = {
			isa = PBXGroup;
			children = (
				18E50D2A2697021D001DA032 /* HListCellViewModel.swift */,
				E5B30E9D244F57DC0094E3EC /* Menu Section */,
				E5B30E98244F51490094E3EC /* Banners Section */,
				E5B30E93244F3A1A0094E3EC /* Friends Section */,
			);
			path = Items;
			sourceTree = "<group>";
		};
		E531BB2B24509871005762C9 /* Button View Model */ = {
			isa = PBXGroup;
			children = (
				E531BB2224506AEF005762C9 /* ButtonViewModel.swift */,
				E531BB2924509652005762C9 /* HighlightableButton.swift */,
			);
			path = "Button View Model";
			sourceTree = "<group>";
		};
		E5487F7223F84ACA0020D3ED /* Table View */ = {
			isa = PBXGroup;
			children = (
				E5487F7323F84AE40020D3ED /* TableViewModel.swift */,
				E5487F7723F84B2A0020D3ED /* CellViewModel.swift */,
				E5487F7923F84B3D0020D3ED /* CellView.swift */,
			);
			path = "Table View";
			sourceTree = "<group>";
		};
		E5487F7B23F84C5E0020D3ED /* Example */ = {
			isa = PBXGroup;
			children = (
				E58ABE7E23F83E7A0047056A /* AppDelegate.swift */,
				E58ABE8023F83E7A0047056A /* SceneDelegate.swift */,
				E5BE45872451CFDA007429BD /* SimpleScreens.swift */,
				E5487F7C23F84C950020D3ED /* Common View Models */,
				E5F1FE4A243C84DB00EC24BA /* Simple Module */,
				E5BE45842451CF3E007429BD /* Friend Controller */,
				18D8D0AD26C5988900DED3FF /* V2SampleController.swift */,
			);
			path = Example;
			sourceTree = "<group>";
		};
		E5487F7C23F84C950020D3ED /* Common View Models */ = {
			isa = PBXGroup;
			children = (
				E5B30E8A244F0DFE0094E3EC /* HorizontalCellViewModel.swift */,
				E5B30E94244F3AD20094E3EC /* HeaderCellViewModel.swift */,
				E5B30E96244F4EF50094E3EC /* FooterCellViewModel.swift */,
			);
			path = "Common View Models";
			sourceTree = "<group>";
		};
		E5487F8123F84F880020D3ED /* Resources */ = {
			isa = PBXGroup;
			children = (
				E58ABE8723F83E7C0047056A /* Assets.xcassets */,
				E58ABE8923F83E7C0047056A /* LaunchScreen.storyboard */,
				E58ABE8C23F83E7C0047056A /* Info.plist */,
			);
			path = Resources;
			sourceTree = "<group>";
		};
		E554AF1423FE90210009CF77 /* Text View Model */ = {
			isa = PBXGroup;
			children = (
				E554AF1723FE90650009CF77 /* TextRenderer.swift */,
				E554AF1923FE90700009CF77 /* TextViewModel.swift */,
			);
			path = "Text View Model";
			sourceTree = "<group>";
		};
		E55BEB07242A1FC800E5BD97 /* Architecture */ = {
			isa = PBXGroup;
			children = (
				E5BE45812451B371007429BD /* Routing */,
				E55BEB08242A1FDC00E5BD97 /* Core Module */,
				E5F7FB05243F5999001BB766 /* Collection Module */,
				E5B30E8C244F2ABB0094E3EC /* List Module (Paggination) */,
			);
			path = Architecture;
			sourceTree = "<group>";
		};
		E55BEB08242A1FDC00E5BD97 /* Core Module */ = {
			isa = PBXGroup;
			children = (
				E55BEB09242A1FF300E5BD97 /* Model.swift */,
				E55BEB0B242A200700E5BD97 /* Presenter.swift */,
				E55BEB0D242A205200E5BD97 /* ViewController.swift */,
			);
			path = "Core Module";
			sourceTree = "<group>";
		};
		E58ABE7223F83E7A0047056A = {
			isa = PBXGroup;
			children = (
				E58ABE7D23F83E7A0047056A /* ViewModel */,
				E58ABE7C23F83E7A0047056A /* Products */,
				F6AA3803329459EAD29B4434 /* Pods */,
				2A18C56CF9FAAA14A03EECF5 /* Frameworks */,
			);
			sourceTree = "<group>";
		};
		E58ABE7C23F83E7A0047056A /* Products */ = {
			isa = PBXGroup;
			children = (
				E58ABE7B23F83E7A0047056A /* ViewModel.app */,
			);
			name = Products;
			sourceTree = "<group>";
		};
		E58ABE7D23F83E7A0047056A /* ViewModel */ = {
			isa = PBXGroup;
			children = (
				E55BEB07242A1FC800E5BD97 /* Architecture */,
				E58ABE9223F840100047056A /* Core */,
				E5487F7B23F84C5E0020D3ED /* Example */,
				E5487F8123F84F880020D3ED /* Resources */,
			);
			path = ViewModel;
			sourceTree = "<group>";
		};
		E58ABE9223F840100047056A /* Core */ = {
			isa = PBXGroup;
			children = (
				18D8D0A226C5765F00DED3FF /* V2 */,
				E58ABE9323F8401C0047056A /* Base View Model */,
				E531BB2024506AB4005762C9 /* Common View Models */,
				E531BB2124506ACC005762C9 /* Collection Models */,
			);
			path = Core;
			sourceTree = "<group>";
		};
		E58ABE9323F8401C0047056A /* Base View Model */ = {
			isa = PBXGroup;
			children = (
				E58ABE9423F840310047056A /* EmptyViewModel.swift */,
				E58ABE9623F840510047056A /* ViewModel.swift */,
				E58ABE9A23F840900047056A /* ViewStorage.swift */,
				E531BB24245071F9005762C9 /* ViewConfiguration.swift */,
				1886C67E26C4194F00EE5D15 /* ViewModelBuilder.swift */,
			);
			path = "Base View Model";
			sourceTree = "<group>";
		};
		E5B30E8C244F2ABB0094E3EC /* List Module (Paggination) */ = {
			isa = PBXGroup;
			children = (
				E5B30E8D244F2ADD0094E3EC /* ListModel.swift */,
				E5B30E8F244F2AEF0094E3EC /* ListCollectionPresenter.swift */,
			);
			path = "List Module (Paggination)";
			sourceTree = "<group>";
		};
		E5B30E93244F3A1A0094E3EC /* Friends Section */ = {
			isa = PBXGroup;
			children = (
				E5B30E91244F2EB30094E3EC /* FriendHorizontalCellViewModel.swift */,
			);
			path = "Friends Section";
			sourceTree = "<group>";
		};
		E5B30E98244F51490094E3EC /* Banners Section */ = {
			isa = PBXGroup;
			children = (
				E5B30E99244F516B0094E3EC /* BannerHorizontalCellViewModel.swift */,
			);
			path = "Banners Section";
			sourceTree = "<group>";
		};
		E5B30E9D244F57DC0094E3EC /* Menu Section */ = {
			isa = PBXGroup;
			children = (
				E5B30E9B244F57D70094E3EC /* MenuItemCellFutureView.swift */,
			);
			path = "Menu Section";
			sourceTree = "<group>";
		};
		E5BBD6DE244B51B4004353E7 /* Grid Collection View */ = {
			isa = PBXGroup;
			children = (
				E5DD54A3244DDFC5003F19A7 /* Layout Patterns */,
				E5BBD6DF244B51D4004353E7 /* CollectionViewModel.swift */,
				E53E3366243F796D00CE8431 /* GridCollectionViewLayout.swift */,
				E5DD54A1244DDBFD003F19A7 /* CollectionSection.swift */,
			);
			path = "Grid Collection View";
			sourceTree = "<group>";
		};
		E5BE45812451B371007429BD /* Routing */ = {
			isa = PBXGroup;
			children = (
				E5BE45822451B657007429BD /* Router.swift */,
			);
			path = Routing;
			sourceTree = "<group>";
		};
		E5BE45842451CF3E007429BD /* Friend Controller */ = {
			isa = PBXGroup;
			children = (
				E5BE45852451CF62007429BD /* FriendViewController.swift */,
				E5BE45892451D0A0007429BD /* FriendPresenter.swift */,
			);
			path = "Friend Controller";
			sourceTree = "<group>";
		};
		E5DD54A3244DDFC5003F19A7 /* Layout Patterns */ = {
			isa = PBXGroup;
			children = (
				E5DD54A4244DDFF8003F19A7 /* GridLayoutPattern.swift */,
			);
			path = "Layout Patterns";
			sourceTree = "<group>";
		};
		E5F1FE4A243C84DB00EC24BA /* Simple Module */ = {
			isa = PBXGroup;
			children = (
				E531BB2824509083005762C9 /* Items */,
				E5F1FE4B243C850900EC24BA /* SimpleViewController.swift */,
				E5F1FE4D243C852500EC24BA /* SimplePresenter.swift */,
			);
			path = "Simple Module";
			sourceTree = "<group>";
		};
		E5F7FB05243F5999001BB766 /* Collection Module */ = {
			isa = PBXGroup;
			children = (
				E5F7FB08243F59E0001BB766 /* CollectionPresenter.swift */,
				E5F7FB06243F59C6001BB766 /* CollectionViewController.swift */,
			);
			path = "Collection Module";
			sourceTree = "<group>";
		};
		F6AA3803329459EAD29B4434 /* Pods */ = {
			isa = PBXGroup;
			children = (
				98DED41577151F26CB2246E6 /* Pods-FutureView.debug.xcconfig */,
				A4E0C196A7CF059769FBB1BD /* Pods-FutureView.release.xcconfig */,
				09C77CBEA998F95E9C6D477F /* Pods-ViewModel.debug.xcconfig */,
				2D164D57D63B6FB0515962A1 /* Pods-ViewModel.release.xcconfig */,
			);
			name = Pods;
			sourceTree = "<group>";
		};
/* End PBXGroup section */

/* Begin PBXNativeTarget section */
		E58ABE7A23F83E7A0047056A /* ViewModel */ = {
			isa = PBXNativeTarget;
			buildConfigurationList = E58ABE8F23F83E7C0047056A /* Build configuration list for PBXNativeTarget "ViewModel" */;
			buildPhases = (
				BE4F2213BCFD2FD48B2D8647 /* [CP] Check Pods Manifest.lock */,
				E58ABE7723F83E7A0047056A /* Sources */,
				E58ABE7823F83E7A0047056A /* Frameworks */,
				E58ABE7923F83E7A0047056A /* Resources */,
				BDDD2394802A3EA23493C1D5 /* [CP] Embed Pods Frameworks */,
			);
			buildRules = (
			);
			dependencies = (
			);
			name = ViewModel;
			productName = FutureView;
			productReference = E58ABE7B23F83E7A0047056A /* ViewModel.app */;
			productType = "com.apple.product-type.application";
		};
/* End PBXNativeTarget section */

/* Begin PBXProject section */
		E58ABE7323F83E7A0047056A /* Project object */ = {
			isa = PBXProject;
			attributes = {
				LastSwiftUpdateCheck = 1130;
				LastUpgradeCheck = 1130;
				ORGANIZATIONNAME = "Григорий Сухоруков";
				TargetAttributes = {
					E58ABE7A23F83E7A0047056A = {
						CreatedOnToolsVersion = 11.3.1;
					};
				};
			};
			buildConfigurationList = E58ABE7623F83E7A0047056A /* Build configuration list for PBXProject "ViewModel" */;
			compatibilityVersion = "Xcode 9.3";
			developmentRegion = en;
			hasScannedForEncodings = 0;
			knownRegions = (
				en,
				Base,
			);
			mainGroup = E58ABE7223F83E7A0047056A;
			productRefGroup = E58ABE7C23F83E7A0047056A /* Products */;
			projectDirPath = "";
			projectRoot = "";
			targets = (
				E58ABE7A23F83E7A0047056A /* ViewModel */,
			);
		};
/* End PBXProject section */

/* Begin PBXResourcesBuildPhase section */
		E58ABE7923F83E7A0047056A /* Resources */ = {
			isa = PBXResourcesBuildPhase;
			buildActionMask = 2147483647;
			files = (
				E58ABE8B23F83E7C0047056A /* LaunchScreen.storyboard in Resources */,
				E58ABE8823F83E7C0047056A /* Assets.xcassets in Resources */,
			);
			runOnlyForDeploymentPostprocessing = 0;
		};
/* End PBXResourcesBuildPhase section */

/* Begin PBXShellScriptBuildPhase section */
		BDDD2394802A3EA23493C1D5 /* [CP] Embed Pods Frameworks */ = {
			isa = PBXShellScriptBuildPhase;
			buildActionMask = 2147483647;
			files = (
			);
			inputFileListPaths = (
				"${PODS_ROOT}/Target Support Files/Pods-ViewModel/Pods-ViewModel-frameworks-${CONFIGURATION}-input-files.xcfilelist",
			);
			name = "[CP] Embed Pods Frameworks";
			outputFileListPaths = (
				"${PODS_ROOT}/Target Support Files/Pods-ViewModel/Pods-ViewModel-frameworks-${CONFIGURATION}-output-files.xcfilelist",
			);
			runOnlyForDeploymentPostprocessing = 0;
			shellPath = /bin/sh;
			shellScript = "\"${PODS_ROOT}/Target Support Files/Pods-ViewModel/Pods-ViewModel-frameworks.sh\"\n";
			showEnvVarsInLog = 0;
		};
		BE4F2213BCFD2FD48B2D8647 /* [CP] Check Pods Manifest.lock */ = {
			isa = PBXShellScriptBuildPhase;
			buildActionMask = 2147483647;
			files = (
			);
			inputPaths = (
				"${PODS_PODFILE_DIR_PATH}/Podfile.lock",
				"${PODS_ROOT}/Manifest.lock",
			);
			name = "[CP] Check Pods Manifest.lock";
			outputPaths = (
				"$(DERIVED_FILE_DIR)/Pods-ViewModel-checkManifestLockResult.txt",
			);
			runOnlyForDeploymentPostprocessing = 0;
			shellPath = /bin/sh;
			shellScript = "diff \"${PODS_PODFILE_DIR_PATH}/Podfile.lock\" \"${PODS_ROOT}/Manifest.lock\" > /dev/null\nif [ $? != 0 ] ; then\n    # print error to STDERR\n    echo \"error: The sandbox is not in sync with the Podfile.lock. Run 'pod install' or update your CocoaPods installation.\" >&2\n    exit 1\nfi\n# This output is used by Xcode 'outputs' to avoid re-running this script phase.\necho \"SUCCESS\" > \"${SCRIPT_OUTPUT_FILE_0}\"\n";
			showEnvVarsInLog = 0;
		};
/* End PBXShellScriptBuildPhase section */

/* Begin PBXSourcesBuildPhase section */
		E58ABE7723F83E7A0047056A /* Sources */ = {
			isa = PBXSourcesBuildPhase;
			buildActionMask = 2147483647;
			files = (
				E5B30E90244F2AEF0094E3EC /* ListCollectionPresenter.swift in Sources */,
				E5487F7A23F84B3D0020D3ED /* CellView.swift in Sources */,
				E554AF1A23FE90700009CF77 /* TextViewModel.swift in Sources */,
				E58ABE9B23F840900047056A /* ViewStorage.swift in Sources */,
				E55BEB0C242A200700E5BD97 /* Presenter.swift in Sources */,
				E531BB25245071F9005762C9 /* ViewConfiguration.swift in Sources */,
				E5BE458A2451D0A0007429BD /* FriendPresenter.swift in Sources */,
				E58ABE9523F840310047056A /* EmptyViewModel.swift in Sources */,
				E554AF1823FE90650009CF77 /* TextRenderer.swift in Sources */,
				E53E3367243F796D00CE8431 /* GridCollectionViewLayout.swift in Sources */,
				E554AF1623FE903C0009CF77 /* TextView.swift in Sources */,
				E5BE45832451B657007429BD /* Router.swift in Sources */,
				E58ABE9723F840510047056A /* ViewModel.swift in Sources */,
				E5DD54A5244DDFF8003F19A7 /* GridLayoutPattern.swift in Sources */,
				E5B30E92244F2EB30094E3EC /* FriendHorizontalCellViewModel.swift in Sources */,
				E55BEB0A242A1FF300E5BD97 /* Model.swift in Sources */,
				18D8D0A826C5848900DED3FF /* ViewNode.swift in Sources */,
				E5BE45882451CFDA007429BD /* SimpleScreens.swift in Sources */,
				18D8D0AE26C5988900DED3FF /* V2SampleController.swift in Sources */,
				E5F7FB07243F59C6001BB766 /* CollectionViewController.swift in Sources */,
				E5DD54A2244DDBFD003F19A7 /* CollectionSection.swift in Sources */,
				E531BB262450743C005762C9 /* ButtonViewModel.swift in Sources */,
				1886C67F26C4194F00EE5D15 /* ViewModelBuilder.swift in Sources */,
				18D8D0A626C57DA200DED3FF /* ContainerNode.swift in Sources */,
				E531BB2A24509652005762C9 /* HighlightableButton.swift in Sources */,
				E5F1FE4C243C850900EC24BA /* SimpleViewController.swift in Sources */,
				1832958B26C9650800C1D1BD /* TextNode.swift in Sources */,
				18E50D2B2697021D001DA032 /* HListCellViewModel.swift in Sources */,
				E5B30E9C244F57D70094E3EC /* MenuItemCellFutureView.swift in Sources */,
				E58ABE7F23F83E7A0047056A /* AppDelegate.swift in Sources */,
				E5B30E8B244F0DFE0094E3EC /* HorizontalCellViewModel.swift in Sources */,
				E5BBD6E0244B51D4004353E7 /* CollectionViewModel.swift in Sources */,
				E5BE45862451CF62007429BD /* FriendViewController.swift in Sources */,
				18D8D0AC26C5958500DED3FF /* Binder.swift in Sources */,
				E5B30E95244F3AD20094E3EC /* HeaderCellViewModel.swift in Sources */,
				E58ABE8123F83E7A0047056A /* SceneDelegate.swift in Sources */,
				18D8D0A426C5768E00DED3FF /* LayoutNode.swift in Sources */,
				1832958E26C9662500C1D1BD /* TextNodeRenderer.swift in Sources */,
				E5B30E9A244F516B0094E3EC /* BannerHorizontalCellViewModel.swift in Sources */,
				E55BEB0E242A205200E5BD97 /* ViewController.swift in Sources */,
				18E50D262695F728001DA032 /* ScrollViewModel.swift in Sources */,
				E5B30E97244F4EF50094E3EC /* FooterCellViewModel.swift in Sources */,
				E5F7FB09243F59E0001BB766 /* CollectionPresenter.swift in Sources */,
				E5487F7423F84AE40020D3ED /* TableViewModel.swift in Sources */,
				E5F1FE4E243C852500EC24BA /* SimplePresenter.swift in Sources */,
				E5B30E8E244F2ADD0094E3EC /* ListModel.swift in Sources */,
				E5487F7823F84B2A0020D3ED /* CellViewModel.swift in Sources */,
			);
			runOnlyForDeploymentPostprocessing = 0;
		};
/* End PBXSourcesBuildPhase section */

/* Begin PBXVariantGroup section */
		E58ABE8923F83E7C0047056A /* LaunchScreen.storyboard */ = {
			isa = PBXVariantGroup;
			children = (
				E58ABE8A23F83E7C0047056A /* Base */,
			);
			name = LaunchScreen.storyboard;
			sourceTree = "<group>";
		};
/* End PBXVariantGroup section */

/* Begin XCBuildConfiguration section */
		E58ABE8D23F83E7C0047056A /* Debug */ = {
			isa = XCBuildConfiguration;
			buildSettings = {
				ALWAYS_SEARCH_USER_PATHS = NO;
				CLANG_ANALYZER_NONNULL = YES;
				CLANG_ANALYZER_NUMBER_OBJECT_CONVERSION = YES_AGGRESSIVE;
				CLANG_CXX_LANGUAGE_STANDARD = "gnu++14";
				CLANG_CXX_LIBRARY = "libc++";
				CLANG_ENABLE_MODULES = YES;
				CLANG_ENABLE_OBJC_ARC = YES;
				CLANG_ENABLE_OBJC_WEAK = YES;
				CLANG_WARN_BLOCK_CAPTURE_AUTORELEASING = YES;
				CLANG_WARN_BOOL_CONVERSION = YES;
				CLANG_WARN_COMMA = YES;
				CLANG_WARN_CONSTANT_CONVERSION = YES;
				CLANG_WARN_DEPRECATED_OBJC_IMPLEMENTATIONS = YES;
				CLANG_WARN_DIRECT_OBJC_ISA_USAGE = YES_ERROR;
				CLANG_WARN_DOCUMENTATION_COMMENTS = YES;
				CLANG_WARN_EMPTY_BODY = YES;
				CLANG_WARN_ENUM_CONVERSION = YES;
				CLANG_WARN_INFINITE_RECURSION = YES;
				CLANG_WARN_INT_CONVERSION = YES;
				CLANG_WARN_NON_LITERAL_NULL_CONVERSION = YES;
				CLANG_WARN_OBJC_IMPLICIT_RETAIN_SELF = YES;
				CLANG_WARN_OBJC_LITERAL_CONVERSION = YES;
				CLANG_WARN_OBJC_ROOT_CLASS = YES_ERROR;
				CLANG_WARN_RANGE_LOOP_ANALYSIS = YES;
				CLANG_WARN_STRICT_PROTOTYPES = YES;
				CLANG_WARN_SUSPICIOUS_MOVE = YES;
				CLANG_WARN_UNGUARDED_AVAILABILITY = YES_AGGRESSIVE;
				CLANG_WARN_UNREACHABLE_CODE = YES;
				CLANG_WARN__DUPLICATE_METHOD_MATCH = YES;
				COPY_PHASE_STRIP = NO;
				DEBUG_INFORMATION_FORMAT = dwarf;
				ENABLE_STRICT_OBJC_MSGSEND = YES;
				ENABLE_TESTABILITY = YES;
				GCC_C_LANGUAGE_STANDARD = gnu11;
				GCC_DYNAMIC_NO_PIC = NO;
				GCC_NO_COMMON_BLOCKS = YES;
				GCC_OPTIMIZATION_LEVEL = 0;
				GCC_PREPROCESSOR_DEFINITIONS = (
					"DEBUG=1",
					"$(inherited)",
				);
				GCC_WARN_64_TO_32_BIT_CONVERSION = YES;
				GCC_WARN_ABOUT_RETURN_TYPE = YES_ERROR;
				GCC_WARN_UNDECLARED_SELECTOR = YES;
				GCC_WARN_UNINITIALIZED_AUTOS = YES_AGGRESSIVE;
				GCC_WARN_UNUSED_FUNCTION = YES;
				GCC_WARN_UNUSED_VARIABLE = YES;
				IPHONEOS_DEPLOYMENT_TARGET = 13.2;
				MTL_ENABLE_DEBUG_INFO = INCLUDE_SOURCE;
				MTL_FAST_MATH = YES;
				ONLY_ACTIVE_ARCH = YES;
				SDKROOT = iphoneos;
				SWIFT_ACTIVE_COMPILATION_CONDITIONS = DEBUG;
				SWIFT_OPTIMIZATION_LEVEL = "-Onone";
			};
			name = Debug;
		};
		E58ABE8E23F83E7C0047056A /* Release */ = {
			isa = XCBuildConfiguration;
			buildSettings = {
				ALWAYS_SEARCH_USER_PATHS = NO;
				CLANG_ANALYZER_NONNULL = YES;
				CLANG_ANALYZER_NUMBER_OBJECT_CONVERSION = YES_AGGRESSIVE;
				CLANG_CXX_LANGUAGE_STANDARD = "gnu++14";
				CLANG_CXX_LIBRARY = "libc++";
				CLANG_ENABLE_MODULES = YES;
				CLANG_ENABLE_OBJC_ARC = YES;
				CLANG_ENABLE_OBJC_WEAK = YES;
				CLANG_WARN_BLOCK_CAPTURE_AUTORELEASING = YES;
				CLANG_WARN_BOOL_CONVERSION = YES;
				CLANG_WARN_COMMA = YES;
				CLANG_WARN_CONSTANT_CONVERSION = YES;
				CLANG_WARN_DEPRECATED_OBJC_IMPLEMENTATIONS = YES;
				CLANG_WARN_DIRECT_OBJC_ISA_USAGE = YES_ERROR;
				CLANG_WARN_DOCUMENTATION_COMMENTS = YES;
				CLANG_WARN_EMPTY_BODY = YES;
				CLANG_WARN_ENUM_CONVERSION = YES;
				CLANG_WARN_INFINITE_RECURSION = YES;
				CLANG_WARN_INT_CONVERSION = YES;
				CLANG_WARN_NON_LITERAL_NULL_CONVERSION = YES;
				CLANG_WARN_OBJC_IMPLICIT_RETAIN_SELF = YES;
				CLANG_WARN_OBJC_LITERAL_CONVERSION = YES;
				CLANG_WARN_OBJC_ROOT_CLASS = YES_ERROR;
				CLANG_WARN_RANGE_LOOP_ANALYSIS = YES;
				CLANG_WARN_STRICT_PROTOTYPES = YES;
				CLANG_WARN_SUSPICIOUS_MOVE = YES;
				CLANG_WARN_UNGUARDED_AVAILABILITY = YES_AGGRESSIVE;
				CLANG_WARN_UNREACHABLE_CODE = YES;
				CLANG_WARN__DUPLICATE_METHOD_MATCH = YES;
				COPY_PHASE_STRIP = NO;
				DEBUG_INFORMATION_FORMAT = "dwarf-with-dsym";
				ENABLE_NS_ASSERTIONS = NO;
				ENABLE_STRICT_OBJC_MSGSEND = YES;
				GCC_C_LANGUAGE_STANDARD = gnu11;
				GCC_NO_COMMON_BLOCKS = YES;
				GCC_WARN_64_TO_32_BIT_CONVERSION = YES;
				GCC_WARN_ABOUT_RETURN_TYPE = YES_ERROR;
				GCC_WARN_UNDECLARED_SELECTOR = YES;
				GCC_WARN_UNINITIALIZED_AUTOS = YES_AGGRESSIVE;
				GCC_WARN_UNUSED_FUNCTION = YES;
				GCC_WARN_UNUSED_VARIABLE = YES;
				IPHONEOS_DEPLOYMENT_TARGET = 13.2;
				MTL_ENABLE_DEBUG_INFO = NO;
				MTL_FAST_MATH = YES;
				SDKROOT = iphoneos;
				SWIFT_COMPILATION_MODE = wholemodule;
				SWIFT_OPTIMIZATION_LEVEL = "-O";
				VALIDATE_PRODUCT = YES;
			};
			name = Release;
		};
		E58ABE9023F83E7C0047056A /* Debug */ = {
			isa = XCBuildConfiguration;
			baseConfigurationReference = 09C77CBEA998F95E9C6D477F /* Pods-ViewModel.debug.xcconfig */;
			buildSettings = {
				ASSETCATALOG_COMPILER_APPICON_NAME = AppIcon;
				CODE_SIGN_STYLE = Automatic;
				DEVELOPMENT_TEAM = DM922GC3W8;
				INFOPLIST_FILE = ViewModel/Resources/Info.plist;
				LD_RUNPATH_SEARCH_PATHS = (
					"$(inherited)",
					"@executable_path/Frameworks",
				);
				PRODUCT_BUNDLE_IDENTIFIER = com.self.ViewModel;
				PRODUCT_NAME = "$(TARGET_NAME)";
				SWIFT_VERSION = 5.0;
				TARGETED_DEVICE_FAMILY = "1,2";
			};
			name = Debug;
		};
		E58ABE9123F83E7C0047056A /* Release */ = {
			isa = XCBuildConfiguration;
			baseConfigurationReference = 2D164D57D63B6FB0515962A1 /* Pods-ViewModel.release.xcconfig */;
			buildSettings = {
				ASSETCATALOG_COMPILER_APPICON_NAME = AppIcon;
				CODE_SIGN_STYLE = Automatic;
				DEVELOPMENT_TEAM = DM922GC3W8;
				INFOPLIST_FILE = ViewModel/Resources/Info.plist;
				LD_RUNPATH_SEARCH_PATHS = (
					"$(inherited)",
					"@executable_path/Frameworks",
				);
				PRODUCT_BUNDLE_IDENTIFIER = com.self.ViewModel;
				PRODUCT_NAME = "$(TARGET_NAME)";
				SWIFT_VERSION = 5.0;
				TARGETED_DEVICE_FAMILY = "1,2";
			};
			name = Release;
		};
/* End XCBuildConfiguration section */

/* Begin XCConfigurationList section */
		E58ABE7623F83E7A0047056A /* Build configuration list for PBXProject "ViewModel" */ = {
			isa = XCConfigurationList;
			buildConfigurations = (
				E58ABE8D23F83E7C0047056A /* Debug */,
				E58ABE8E23F83E7C0047056A /* Release */,
			);
			defaultConfigurationIsVisible = 0;
			defaultConfigurationName = Release;
		};
		E58ABE8F23F83E7C0047056A /* Build configuration list for PBXNativeTarget "ViewModel" */ = {
			isa = XCConfigurationList;
			buildConfigurations = (
				E58ABE9023F83E7C0047056A /* Debug */,
				E58ABE9123F83E7C0047056A /* Release */,
			);
			defaultConfigurationIsVisible = 0;
			defaultConfigurationName = Release;
		};
/* End XCConfigurationList section */
	};
	rootObject = E58ABE7323F83E7A0047056A /* Project object */;
}
