PODS:
  - Yoga (1.14.0)
  - YogaKit (1.18.1):
    - Yoga (~> 1.14)
  - YogaUI (0.0.1):
    - YogaKit

DEPENDENCIES:
  - YogaKit (from `https://github.com/GSukh/yoga.git`, commit `9918b4fd76ed53f20e1254373ada1fb64b209bbf`)
  - YogaUI (from `../YogaUI.podspec`)

SPEC REPOS:
  trunk:
    - Yoga

EXTERNAL SOURCES:
  YogaKit:
    :commit: 9918b4fd76ed53f20e1254373ada1fb64b209bbf
    :git: https://github.com/GSukh/yoga.git
  YogaUI:
    :path: "../YogaUI.podspec"

CHECKOUT OPTIONS:
  YogaKit:
    :commit: 9918b4fd76ed53f20e1254373ada1fb64b209bbf
    :git: https://github.com/GSukh/yoga.git

SPEC CHECKSUMS:
  Yoga: cff67a400f6b74dc38eb0bad4f156673d9aa980c
  YogaKit: f782866e155069a2cca2517aafea43200b01fd5a
  YogaUI: 4c4d9294c58ea78c0d8b5fb32c190783838ad6c8

PODFILE CHECKSUM: 8e0ddb1a3902904ff4c448ef5e1e1ec86373cc8e

COCOAPODS: 1.10.2
